
Microsoft Visual Studio Solution File, Format Version 12.00
# Visual Studio Version 17
VisualStudioVersion = 17.5.002.0
MinimumVisualStudioVersion = 10.0.40219.1
Project("{9A19103F-16F7-4668-BE54-9A1E7A4F7556}") = "DesafioFundamentos", "DesafioFundamentos\DesafioFundamentos.csproj", "{AC3E603C-E56E-4D0D-812B-7B83F526099D}"
EndProject
Global
	GlobalSection(SolutionConfigurationPlatforms) = preSolution
		Debug|Any CPU = Debug|Any CPU
		Release|Any CPU = Release|Any CPU
	EndGlobalSection
	GlobalSection(ProjectConfigurationPlatforms) = postSolution
		{AC3E603C-E56E-4D0D-812B-7B83F526099D}.Debug|Any CPU.ActiveCfg = Debug|Any CPU
		{AC3E603C-E56E-4D0D-812B-7B83F526099D}.Debug|Any CPU.Build.0 = Debug|Any CPU
		{AC3E603C-E56E-4D0D-812B-7B83F526099D}.Release|Any CPU.ActiveCfg = Release|Any CPU
		{AC3E603C-E56E-4D0D-812B-7B83F526099D}.Release|Any CPU.Build.0 = Release|Any CPU
	EndGlobalSection
	GlobalSection(SolutionProperties) = preSolution
		HideSolutionNode = FALSE
	EndGlobalSection
	GlobalSection(ExtensibilityGlobals) = postSolution
		SolutionGuid = {90DAD5F3-10F4-45D7-AB8F-7843AEFFF4A0}
	EndGlobalSection
EndGlobal
